github.com/deckarep/golang-set v1.7.1 h1:SCQV0S6gTtp6itiFrTqI+pfmJ4LN85S1YzhDf9rTHJQ=
github.com/deckarep/golang-set v1.7.1/go.mod h1:93vsz/8Wt4joVM7c2AVqh+YRMiUSc14yDtF28KmMOgQ=
go.1password.io/spg v0.0.0-20190612082140-bd95fea1fb9e h1:iviULNGVRIUO8bsInMncNQspWE1a2YnFP41jriQbrHA=
go.1password.io/spg v0.0.0-20190612082140-bd95fea1fb9e/go.mod h1:snaJ86sXM5lj4NhTHnT1kG5BtIpIzkcTYZN+HNv2tCc=
